
Microsoft Visual Studio Solution File, Format Version 12.00
# Visual Studio Version 17
VisualStudioVersion = 17.14.36511.14
MinimumVisualStudioVersion = 10.0.40219.1
Project("{FAE04EC0-301F-11D3-BF4B-00C04F79EFBC}") = "CodingWiki.Web", "CodingWiki.Web\CodingWiki.Web.csproj", "{E7846CD0-4966-4A01-8A5D-52A0A35B3601}"
EndProject
Project("{FAE04EC0-301F-11D3-BF4B-00C04F79EFBC}") = "CodingWiki.DataAccess", "CodingWiki.DataAccess\CodingWiki.DataAccess.csproj", "{1F303A3A-2F42-4708-A31D-BCC7D158519A}"
EndProject
Project("{FAE04EC0-301F-11D3-BF4B-00C04F79EFBC}") = "CodingWiki.Model", "CodingWiki.Model\CodingWiki.Model.csproj", "{CC4087EF-CF2D-456E-9059-7B2414C6AC19}"
EndProject
Global
	GlobalSection(SolutionConfigurationPlatforms) = preSolution
		Debug|Any CPU = Debug|Any CPU
		Release|Any CPU = Release|Any CPU
	EndGlobalSection
	GlobalSection(ProjectConfigurationPlatforms) = postSolution
		{E7846CD0-4966-4A01-8A5D-52A0A35B3601}.Debug|Any CPU.ActiveCfg = Debug|Any CPU
		{E7846CD0-4966-4A01-8A5D-52A0A35B3601}.Debug|Any CPU.Build.0 = Debug|Any CPU
		{E7846CD0-4966-4A01-8A5D-52A0A35B3601}.Release|Any CPU.ActiveCfg = Release|Any CPU
		{E7846CD0-4966-4A01-8A5D-52A0A35B3601}.Release|Any CPU.Build.0 = Release|Any CPU
		{1F303A3A-2F42-4708-A31D-BCC7D158519A}.Debug|Any CPU.ActiveCfg = Debug|Any CPU
		{1F303A3A-2F42-4708-A31D-BCC7D158519A}.Debug|Any CPU.Build.0 = Debug|Any CPU
		{1F303A3A-2F42-4708-A31D-BCC7D158519A}.Release|Any CPU.ActiveCfg = Release|Any CPU
		{1F303A3A-2F42-4708-A31D-BCC7D158519A}.Release|Any CPU.Build.0 = Release|Any CPU
		{CC4087EF-CF2D-456E-9059-7B2414C6AC19}.Debug|Any CPU.ActiveCfg = Debug|Any CPU
		{CC4087EF-CF2D-456E-9059-7B2414C6AC19}.Debug|Any CPU.Build.0 = Debug|Any CPU
		{CC4087EF-CF2D-456E-9059-7B2414C6AC19}.Release|Any CPU.ActiveCfg = Release|Any CPU
		{CC4087EF-CF2D-456E-9059-7B2414C6AC19}.Release|Any CPU.Build.0 = Release|Any CPU
	EndGlobalSection
	GlobalSection(SolutionProperties) = preSolution
		HideSolutionNode = FALSE
	EndGlobalSection
	GlobalSection(ExtensibilityGlobals) = postSolution
		SolutionGuid = {D5DF9A53-256B-472B-8592-19931CEC03F4}
	EndGlobalSection
EndGlobal
